{
  "version": 1,
  "dependencies": {
    ".NETCoreApp,Version=v5.0": {
      "Microsoft.CodeAnalysis.FxCopAnalyzers": {
        "type": "Direct",
        "requested": "[3.3.1, )",
        "resolved": "3.3.1",
        "contentHash": "O6L7wOD6dmytWZr4ulw6wLYk8QmsO/TlBHyWOB2OQKnUm31JGOXEncJjVm8Fw24BDzP22wfsleWFidiNU/DIsA==",
        "dependencies": {
          "Microsoft.CodeAnalysis.VersionCheckAnalyzer": "[3.3.1]",
          "Microsoft.CodeQuality.Analyzers": "[3.3.1]",
          "Microsoft.NetCore.Analyzers": "[3.3.1]",
          "Microsoft.NetFramework.Analyzers": "[3.3.1]"
        }
      },
      "SerilogAnalyzer": {
        "type": "Direct",
        "requested": "[0.15.0, )",
        "resolved": "0.15.0",
        "contentHash": "sVpwfls4MfNnwIXLSGCgaUnV+c9kgJ8ia6GsyRcpd4Vs3gLogSDtSYBYrre2K2u/PNMo8GgG09RehwVnze70Tw=="
      },
      "SmartAnalyzers.ExceptionAnalyzer": {
        "type": "Direct",
        "requested": "[1.0.10, )",
        "resolved": "1.0.10",
        "contentHash": "vK2QCxSPUDXvxvgf60qqnHzpsNvW4D5yJpOyTKQbr8odSPw4M1GmDIUJuILfQo/QJb/FAE2Zzebr9pNpmbjxdw=="
      },
      "SmartAnalyzers.MultithreadingAnalyzer": {
        "type": "Direct",
        "requested": "[1.1.31, )",
        "resolved": "1.1.31",
        "contentHash": "2f2k7bbhDd132ArglCKpzKoWBcp3uzbIFcb4aosnlqIKlfYKDE2HevBVRNVa+LkWFnjXFFWs47Bo96fu8iS//Q=="
      },
      "StyleCop.Analyzers": {
        "type": "Direct",
        "requested": "[1.2.0-beta.261, )",
        "resolved": "1.2.0-beta.261",
        "contentHash": "C0bMvkB95HkX2LNsKO9KbVM+BMzkHjRXxdxQ7rogiy8gtwy2yAaPNFY1+98DzlN8XUpJ/39oGX6Da7qnMp2FeA==",
        "dependencies": {
          "StyleCop.Analyzers.Unstable": "1.2.0.261"
        }
      },
      "Microsoft.CodeAnalysis.VersionCheckAnalyzer": {
        "type": "Transitive",
        "resolved": "3.3.1",
        "contentHash": "ZUMf70abtWvwevkLFOlEHDck81oZCsi9jBHODDSSH2YPQdtCKzeQfaWWnAmn2ii7N3Q2V2arOj4Mu8ZTTSs3PA=="
      },
      "Microsoft.CodeQuality.Analyzers": {
        "type": "Transitive",
        "resolved": "3.3.1",
        "contentHash": "h6o+zBUf47OFarRQn6LjwUNFvRUyUWLWcnunw6vLCxSDBmgPDQCsrsWpEtMz/+NKBvOeikVJobscarx3Wgtbiw=="
      },
      "Microsoft.NetCore.Analyzers": {
        "type": "Transitive",
        "resolved": "3.3.1",
        "contentHash": "8Ez3EImhFioAsB4bR2bBLA3Pkcz8K/VI6jPdnm98nLu+rodZU8s8QRjRnkrQEnC6VcVAVZJ8W7DL9yrfDsgjqQ=="
      },
      "Microsoft.NetFramework.Analyzers": {
        "type": "Transitive",
        "resolved": "3.3.1",
        "contentHash": "EI5Afqt03Kq4Wy5Ot6nGvnwunisM9ORi5L9fteCCOK1Wh283wAhM1dIOWOsBN3jlFbw1VTeVPR8oPz9J9xlHLw=="
      },
      "StyleCop.Analyzers.Unstable": {
        "type": "Transitive",
        "resolved": "1.2.0.261",
        "contentHash": "FpInVJVmFyWIRz4oIpPpLuOkW3oFhfU4CcT7bkeZlN+iwG1T37hGVZFQ8bA2fsJv5vAHOlqLpvk7HyU3q6tF2w=="
      }
    }
  }
}