{
  "version": 1,
  "dependencies": {
    ".NETCoreApp,Version=v5.0": {
      "coverlet.collector": {
        "type": "Direct",
        "requested": "[1.3.0, )",
        "resolved": "1.3.0",
        "contentHash": "t8pnf5SX2ya0RX4vjoxsbhDMQCZJcpPun2neHKJ4FouMmObylo25FvoOydvf3Bl+l+IzWw7u2vjEeCBHnleB9g=="
      }
    }
  }
}