
Microsoft Visual Studio Solution File, Format Version 12.00
# Visual Studio Version 16
VisualStudioVersion = 16.0.30711.63
MinimumVisualStudioVersion = 15.0.26124.0
Project("{2150E333-8FDC-42A3-9474-1A3956D46DE8}") = "src", "src", "{1B3021F0-E238-407F-8C59-AAE8FDA7D030}"
EndProject
Project("{2150E333-8FDC-42A3-9474-1A3956D46DE8}") = "tests", "tests", "{A59BCBB0-B982-4FB7-884D-0B71566238A5}"
EndProject
Project("{FAE04EC0-301F-11D3-BF4B-00C04F79EFBC}") = "Calculator", "src\Calculator\Calculator.csproj", "{6E4F980D-377C-4BBD-B6EE-57D521F600ED}"
EndProject
Project("{FAE04EC0-301F-11D3-BF4B-00C04F79EFBC}") = "Calculator.Tests", "tests\Calculator.Tests\Calculator.Tests.csproj", "{CA087CE0-6200-413F-904B-ACFC8051E224}"
EndProject
Global
	GlobalSection(SolutionConfigurationPlatforms) = preSolution
		Debug|Any CPU = Debug|Any CPU
		Debug|x64 = Debug|x64
		Debug|x86 = Debug|x86
		Release|Any CPU = Release|Any CPU
		Release|x64 = Release|x64
		Release|x86 = Release|x86
	EndGlobalSection
	GlobalSection(ProjectConfigurationPlatforms) = postSolution
		{6E4F980D-377C-4BBD-B6EE-57D521F600ED}.Debug|Any CPU.ActiveCfg = Debug|Any CPU
		{6E4F980D-377C-4BBD-B6EE-57D521F600ED}.Debug|Any CPU.Build.0 = Debug|Any CPU
		{6E4F980D-377C-4BBD-B6EE-57D521F600ED}.Debug|x64.ActiveCfg = Debug|Any CPU
		{6E4F980D-377C-4BBD-B6EE-57D521F600ED}.Debug|x64.Build.0 = Debug|Any CPU
		{6E4F980D-377C-4BBD-B6EE-57D521F600ED}.Debug|x86.ActiveCfg = Debug|Any CPU
		{6E4F980D-377C-4BBD-B6EE-57D521F600ED}.Debug|x86.Build.0 = Debug|Any CPU
		{6E4F980D-377C-4BBD-B6EE-57D521F600ED}.Release|Any CPU.ActiveCfg = Release|Any CPU
		{6E4F980D-377C-4BBD-B6EE-57D521F600ED}.Release|Any CPU.Build.0 = Release|Any CPU
		{6E4F980D-377C-4BBD-B6EE-57D521F600ED}.Release|x64.ActiveCfg = Release|Any CPU
		{6E4F980D-377C-4BBD-B6EE-57D521F600ED}.Release|x64.Build.0 = Release|Any CPU
		{6E4F980D-377C-4BBD-B6EE-57D521F600ED}.Release|x86.ActiveCfg = Release|Any CPU
		{6E4F980D-377C-4BBD-B6EE-57D521F600ED}.Release|x86.Build.0 = Release|Any CPU
		{CA087CE0-6200-413F-904B-ACFC8051E224}.Debug|Any CPU.ActiveCfg = Debug|Any CPU
		{CA087CE0-6200-413F-904B-ACFC8051E224}.Debug|Any CPU.Build.0 = Debug|Any CPU
		{CA087CE0-6200-413F-904B-ACFC8051E224}.Debug|x64.ActiveCfg = Debug|Any CPU
		{CA087CE0-6200-413F-904B-ACFC8051E224}.Debug|x64.Build.0 = Debug|Any CPU
		{CA087CE0-6200-413F-904B-ACFC8051E224}.Debug|x86.ActiveCfg = Debug|Any CPU
		{CA087CE0-6200-413F-904B-ACFC8051E224}.Debug|x86.Build.0 = Debug|Any CPU
		{CA087CE0-6200-413F-904B-ACFC8051E224}.Release|Any CPU.ActiveCfg = Release|Any CPU
		{CA087CE0-6200-413F-904B-ACFC8051E224}.Release|Any CPU.Build.0 = Release|Any CPU
		{CA087CE0-6200-413F-904B-ACFC8051E224}.Release|x64.ActiveCfg = Release|Any CPU
		{CA087CE0-6200-413F-904B-ACFC8051E224}.Release|x64.Build.0 = Release|Any CPU
		{CA087CE0-6200-413F-904B-ACFC8051E224}.Release|x86.ActiveCfg = Release|Any CPU
		{CA087CE0-6200-413F-904B-ACFC8051E224}.Release|x86.Build.0 = Release|Any CPU
	EndGlobalSection
	GlobalSection(SolutionProperties) = preSolution
		HideSolutionNode = FALSE
	EndGlobalSection
	GlobalSection(NestedProjects) = preSolution
		{6E4F980D-377C-4BBD-B6EE-57D521F600ED} = {1B3021F0-E238-407F-8C59-AAE8FDA7D030}
		{CA087CE0-6200-413F-904B-ACFC8051E224} = {A59BCBB0-B982-4FB7-884D-0B71566238A5}
	EndGlobalSection
	GlobalSection(ExtensibilityGlobals) = postSolution
		SolutionGuid = {F94412CB-1E83-4515-AA3F-DAF8A400E614}
	EndGlobalSection
EndGlobal
